
Microsoft Visual Studio Solution File, Format Version 12.00
# Visual Studio Version 16
VisualStudioVersion = 16.0.29806.167
MinimumVisualStudioVersion = 10.0.40219.1
Project("{FAE04EC0-301F-11D3-BF4B-00C04F79EFBC}") = "WebAPIProject", "WebAPIProject.csproj", "{CCEC8A2E-C10B-468B-BB34-D1000BCF09D7}"
EndProject
Global
	GlobalSection(SolutionConfigurationPlatforms) = preSolution
		Debug|Any CPU = Debug|Any CPU
		Release|Any CPU = Release|Any CPU
	EndGlobalSection
	GlobalSection(ProjectConfigurationPlatforms) = postSolution
		{CCEC8A2E-C10B-468B-BB34-D1000BCF09D7}.Debug|Any CPU.ActiveCfg = Debug|Any CPU
		{CCEC8A2E-C10B-468B-BB34-D1000BCF09D7}.Debug|Any CPU.Build.0 = Debug|Any CPU
		{CCEC8A2E-C10B-468B-BB34-D1000BCF09D7}.Release|Any CPU.ActiveCfg = Release|Any CPU
		{CCEC8A2E-C10B-468B-BB34-D1000BCF09D7}.Release|Any CPU.Build.0 = Release|Any CPU
	EndGlobalSection
	GlobalSection(SolutionProperties) = preSolution
		HideSolutionNode = FALSE
	EndGlobalSection
	GlobalSection(ExtensibilityGlobals) = postSolution
		SolutionGuid = {1B98C70C-BEEB-42B9-A1D8-2A621FDBE112}
	EndGlobalSection
EndGlobal
